
Microsoft Visual Studio Solution File, Format Version 12.00
# Visual Studio Version 17
VisualStudioVersion = 17.5.33516.290
MinimumVisualStudioVersion = 10.0.40219.1
Project("{FAE04EC0-301F-11D3-BF4B-00C04F79EFBC}") = "join", "join\join.csproj", "{D3DD0350-DAEE-4AEC-83D6-BAAC7A86135C}"
EndProject
Global
	GlobalSection(SolutionConfigurationPlatforms) = preSolution
		Debug|Any CPU = Debug|Any CPU
		Release|Any CPU = Release|Any CPU
	EndGlobalSection
	GlobalSection(ProjectConfigurationPlatforms) = postSolution
		{D3DD0350-DAEE-4AEC-83D6-BAAC7A86135C}.Debug|Any CPU.ActiveCfg = Debug|Any CPU
		{D3DD0350-DAEE-4AEC-83D6-BAAC7A86135C}.Debug|Any CPU.Build.0 = Debug|Any CPU
		{D3DD0350-DAEE-4AEC-83D6-BAAC7A86135C}.Release|Any CPU.ActiveCfg = Release|Any CPU
		{D3DD0350-DAEE-4AEC-83D6-BAAC7A86135C}.Release|Any CPU.Build.0 = Release|Any CPU
	EndGlobalSection
	GlobalSection(SolutionProperties) = preSolution
		HideSolutionNode = FALSE
	EndGlobalSection
	GlobalSection(ExtensibilityGlobals) = postSolution
		SolutionGuid = {E346CBA8-42AD-4E92-B480-ACFEE5C05787}
	EndGlobalSection
EndGlobal
